// !$*UTF8*$!
{
	archiveVersion = 1;
	classes = {
	};
	objectVersion = 50;
	objects = {

/* Begin PBXBuildFile section */
		7737DDF2244CCD8A00BA15F9 /* AppDelegate.swift in Sources */ = {isa = PBXBuildFile; fileRef = 7737DDF1244CCD8A00BA15F9 /* AppDelegate.swift */; };
		7737DDF4244CCD8A00BA15F9 /* SceneDelegate.swift in Sources */ = {isa = PBXBuildFile; fileRef = 7737DDF3244CCD8A00BA15F9 /* SceneDelegate.swift */; };
		7737DDF6244CCD8A00BA15F9 /* ViewController.swift in Sources */ = {isa = PBXBuildFile; fileRef = 7737DDF5244CCD8A00BA15F9 /* ViewController.swift */; };
		7737DDF9244CCD8A00BA15F9 /* Main.storyboard in Resources */ = {isa = PBXBuildFile; fileRef = 7737DDF7244CCD8A00BA15F9 /* Main.storyboard */; };
		7737DDFB244CCD9600BA15F9 /* Assets.xcassets in Resources */ = {isa = PBXBuildFile; fileRef = 7737DDFA244CCD9600BA15F9 /* Assets.xcassets */; };
		7737DDFE244CCD9600BA15F9 /* LaunchScreen.storyboard in Resources */ = {isa = PBXBuildFile; fileRef = 7737DDFC244CCD9600BA15F9 /* LaunchScreen.storyboard */; };
/* End PBXBuildFile section */

/* Begin PBXFileReference section */
		7737DDEE244CCD8A00BA15F9 /* ColorMix.app */ = {isa = PBXFileReference; explicitFileType = wrapper.application; includeInIndex = 0; path = ColorMix.app; sourceTree = BUILT_PRODUCTS_DIR; };
		7737DDF1244CCD8A00BA15F9 /* AppDelegate.swift */ = {isa = PBXFileReference; lastKnownFileType = sourcecode.swift; path = AppDelegate.swift; sourceTree = "<group>"; };
		7737DDF3244CCD8A00BA15F9 /* SceneDelegate.swift */ = {isa = PBXFileReference; lastKnownFileType = sourcecode.swift; path = SceneDelegate.swift; sourceTree = "<group>"; };
		7737DDF5244CCD8A00BA15F9 /* ViewController.swift */ = {isa = PBXFileReference; lastKnownFileType = sourcecode.swift; path = ViewController.swift; sourceTree = "<group>"; };
		7737DDF8244CCD8A00BA15F9 /* Base */ = {isa = PBXFileReference; lastKnownFileType = file.storyboard; name = Base; path = Base.lproj/Main.storyboard; sourceTree = "<group>"; };
		7737DDFA244CCD9600BA15F9 /* Assets.xcassets */ = {isa = PBXFileReference; lastKnownFileType = folder.assetcatalog; path = Assets.xcassets; sourceTree = "<group>"; };
		7737DDFD244CCD9600BA15F9 /* Base */ = {isa = PBXFileReference; lastKnownFileType = file.storyboard; name = Base; path = Base.lproj/LaunchScreen.storyboard; sourceTree = "<group>"; };
		7737DDFF244CCD9600BA15F9 /* Info.plist */ = {isa = PBXFileReference; lastKnownFileType = text.plist.xml; path = Info.plist; sourceTree = "<group>"; };
/* End PBXFileReference section */

/* Begin PBXFrameworksBuildPhase section */
		7737DDEB244CCD8A00BA15F9 /* Frameworks */ = {
			isa = PBXFrameworksBuildPhase;
			buildActionMask = 2147483647;
			files = (
			);
			runOnlyForDeploymentPostprocessing = 0;
		};
/* End PBXFrameworksBuildPhase section */

/* Begin PBXGroup section */
		7737DDE5244CCD8900BA15F9 = {
			isa = PBXGroup;
			children = (
				7737DDF0244CCD8A00BA15F9 /* ColorMix */,
				7737DDEF244CCD8A00BA15F9 /* Products */,
			);
			sourceTree = "<group>";
		};
		7737DDEF244CCD8A00BA15F9 /* Products */ = {
			isa = PBXGroup;
			children = (
				7737DDEE244CCD8A00BA15F9 /* ColorMix.app */,
			);
			name = Products;
			sourceTree = "<group>";
		};
		7737DDF0244CCD8A00BA15F9 /* ColorMix */ = {
			isa = PBXGroup;
			children = (
				7737DDF1244CCD8A00BA15F9 /* AppDelegate.swift */,
				7737DDF3244CCD8A00BA15F9 /* SceneDelegate.swift */,
				7737DDF5244CCD8A00BA15F9 /* ViewController.swift */,
				7737DDF7244CCD8A00BA15F9 /* Main.storyboard */,
				7737DDFA244CCD9600BA15F9 /* Assets.xcassets */,
				7737DDFC244CCD9600BA15F9 /* LaunchScreen.storyboard */,
				7737DDFF244CCD9600BA15F9 /* Info.plist */,
			);
			path = ColorMix;
			sourceTree = "<group>";
		};
/* End PBXGroup section */

/* Begin PBXNativeTarget section */
		7737DDED244CCD8A00BA15F9 /* ColorMix */ = {
			isa = PBXNativeTarget;
			buildConfigurationList = 7737DE02244CCD9600BA15F9 /* Build configuration list for PBXNativeTarget "ColorMix" */;
			buildPhases = (
				7737DDEA244CCD8A00BA15F9 /* Sources */,
				7737DDEB244CCD8A00BA15F9 /* Frameworks */,
				7737DDEC244CCD8A00BA15F9 /* Resources */,
			);
			buildRules = (
			);
			dependencies = (
			);
			name = ColorMix;
			productName = ColorMix;
			productReference = 7737DDEE244CCD8A00BA15F9 /* ColorMix.app */;
			productType = "com.apple.product-type.application";
		};
/* End PBXNativeTarget section */

/* Begin PBXProject section */
		7737DDE6244CCD8900BA15F9 /* Project object */ = {
			isa = PBXProject;
			attributes = {
				LastSwiftUpdateCheck = 1140;
				LastUpgradeCheck = 1140;
				ORGANIZATIONNAME = Olga;
				TargetAttributes = {
					7737DDED244CCD8A00BA15F9 = {
						CreatedOnToolsVersion = 11.4.1;
					};
				};
			};
			buildConfigurationList = 7737DDE9244CCD8900BA15F9 /* Build configuration list for PBXProject "ColorMix" */;
			compatibilityVersion = "Xcode 9.3";
			developmentRegion = en;
			hasScannedForEncodings = 0;
			knownRegions = (
				en,
				Base,
			);
			mainGroup = 7737DDE5244CCD8900BA15F9;
			productRefGroup = 7737DDEF244CCD8A00BA15F9 /* Products */;
			projectDirPath = "";
			projectRoot = "";
			targets = (
				7737DDED244CCD8A00BA15F9 /* ColorMix */,
			);
		};
/* End PBXProject section */

/* Begin PBXResourcesBuildPhase section */
		7737DDEC244CCD8A00BA15F9 /* Resources */ = {
			isa = PBXResourcesBuildPhase;
			buildActionMask = 2147483647;
			files = (
				7737DDFE244CCD9600BA15F9 /* LaunchScreen.storyboard in Resources */,
				7737DDFB244CCD9600BA15F9 /* Assets.xcassets in Resources */,
				7737DDF9244CCD8A00BA15F9 /* Main.storyboard in Resources */,
			);
			runOnlyForDeploymentPostprocessing = 0;
		};
/* End PBXResourcesBuildPhase section */

/* Begin PBXSourcesBuildPhase section */
		7737DDEA244CCD8A00BA15F9 /* Sources */ = {
			isa = PBXSourcesBuildPhase;
			buildActionMask = 2147483647;
			files = (
				7737DDF6244CCD8A00BA15F9 /* ViewController.swift in Sources */,
				7737DDF2244CCD8A00BA15F9 /* AppDelegate.swift in Sources */,
				7737DDF4244CCD8A00BA15F9 /* SceneDelegate.swift in Sources */,
			);
			runOnlyForDeploymentPostprocessing = 0;
		};
/* End PBXSourcesBuildPhase section */

/* Begin PBXVariantGroup section */
		7737DDF7244CCD8A00BA15F9 /* Main.storyboard */ = {
			isa = PBXVariantGroup;
			children = (
				7737DDF8244CCD8A00BA15F9 /* Base */,
			);
			name = Main.storyboard;
			sourceTree = "<group>";
		};
		7737DDFC244CCD9600BA15F9 /* LaunchScreen.storyboard */ = {
			isa = PBXVariantGroup;
			children = (
				7737DDFD244CCD9600BA15F9 /* Base */,
			);
			name = LaunchScreen.storyboard;
			sourceTree = "<group>";
		};
/* End PBXVariantGroup section */

/* Begin XCBuildConfiguration section */
		7737DE00244CCD9600BA15F9 /* Debug */ = {
			isa = XCBuildConfiguration;
			buildSettings = {
				ALWAYS_SEARCH_USER_PATHS = NO;
				CLANG_ANALYZER_NONNULL = YES;
				CLANG_ANALYZER_NUMBER_OBJECT_CONVERSION = YES_AGGRESSIVE;
				CLANG_CXX_LANGUAGE_STANDARD = "gnu++14";
				CLANG_CXX_LIBRARY = "libc++";
				CLANG_ENABLE_MODULES = YES;
				CLANG_ENABLE_OBJC_ARC = YES;
				CLANG_ENABLE_OBJC_WEAK = YES;
				CLANG_WARN_BLOCK_CAPTURE_AUTORELEASING = YES;
				CLANG_WARN_BOOL_CONVERSION = YES;
				CLANG_WARN_COMMA = YES;
				CLANG_WARN_CONSTANT_CONVERSION = YES;
				CLANG_WARN_DEPRECATED_OBJC_IMPLEMENTATIONS = YES;
				CLANG_WARN_DIRECT_OBJC_ISA_USAGE = YES_ERROR;
				CLANG_WARN_DOCUMENTATION_COMMENTS = YES;
				CLANG_WARN_EMPTY_BODY = YES;
				CLANG_WARN_ENUM_CONVERSION = YES;
				CLANG_WARN_INFINITE_RECURSION = YES;
				CLANG_WARN_INT_CONVERSION = YES;
				CLANG_WARN_NON_LITERAL_NULL_CONVERSION = YES;
				CLANG_WARN_OBJC_IMPLICIT_RETAIN_SELF = YES;
				CLANG_WARN_OBJC_LITERAL_CONVERSION = YES;
				CLANG_WARN_OBJC_ROOT_CLASS = YES_ERROR;
				CLANG_WARN_RANGE_LOOP_ANALYSIS = YES;
				CLANG_WARN_STRICT_PROTOTYPES = YES;
				CLANG_WARN_SUSPICIOUS_MOVE = YES;
				CLANG_WARN_UNGUARDED_AVAILABILITY = YES_AGGRESSIVE;
				CLANG_WARN_UNREACHABLE_CODE = YES;
				CLANG_WARN__DUPLICATE_METHOD_MATCH = YES;
				COPY_PHASE_STRIP = NO;
				DEBUG_INFORMATION_FORMAT = dwarf;
				ENABLE_STRICT_OBJC_MSGSEND = YES;
				ENABLE_TESTABILITY = YES;
				GCC_C_LANGUAGE_STANDARD = gnu11;
				GCC_DYNAMIC_NO_PIC = NO;
				GCC_NO_COMMON_BLOCKS = YES;
				GCC_OPTIMIZATION_LEVEL = 0;
				GCC_PREPROCESSOR_DEFINITIONS = (
					"DEBUG=1",
					"$(inherited)",
				);
				GCC_WARN_64_TO_32_BIT_CONVERSION = YES;
				GCC_WARN_ABOUT_RETURN_TYPE = YES_ERROR;
				GCC_WARN_UNDECLARED_SELECTOR = YES;
				GCC_WARN_UNINITIALIZED_AUTOS = YES_AGGRESSIVE;
				GCC_WARN_UNUSED_FUNCTION = YES;
				GCC_WARN_UNUSED_VARIABLE = YES;
				IPHONEOS_DEPLOYMENT_TARGET = 13.4;
				MTL_ENABLE_DEBUG_INFO = INCLUDE_SOURCE;
				MTL_FAST_MATH = YES;
				ONLY_ACTIVE_ARCH = YES;
				SDKROOT = iphoneos;
				SWIFT_ACTIVE_COMPILATION_CONDITIONS = DEBUG;
				SWIFT_OPTIMIZATION_LEVEL = "-Onone";
			};
			name = Debug;
		};
		7737DE01244CCD9600BA15F9 /* Release */ = {
			isa = XCBuildConfiguration;
			buildSettings = {
				ALWAYS_SEARCH_USER_PATHS = NO;
				CLANG_ANALYZER_NONNULL = YES;
				CLANG_ANALYZER_NUMBER_OBJECT_CONVERSION = YES_AGGRESSIVE;
				CLANG_CXX_LANGUAGE_STANDARD = "gnu++14";
				CLANG_CXX_LIBRARY = "libc++";
				CLANG_ENABLE_MODULES = YES;
				CLANG_ENABLE_OBJC_ARC = YES;
				CLANG_ENABLE_OBJC_WEAK = YES;
				CLANG_WARN_BLOCK_CAPTURE_AUTORELEASING = YES;
				CLANG_WARN_BOOL_CONVERSION = YES;
				CLANG_WARN_COMMA = YES;
				CLANG_WARN_CONSTANT_CONVERSION = YES;
				CLANG_WARN_DEPRECATED_OBJC_IMPLEMENTATIONS = YES;
				CLANG_WARN_DIRECT_OBJC_ISA_USAGE = YES_ERROR;
				CLANG_WARN_DOCUMENTATION_COMMENTS = YES;
				CLANG_WARN_EMPTY_BODY = YES;
				CLANG_WARN_ENUM_CONVERSION = YES;
				CLANG_WARN_INFINITE_RECURSION = YES;
				CLANG_WARN_INT_CONVERSION = YES;
				CLANG_WARN_NON_LITERAL_NULL_CONVERSION = YES;
				CLANG_WARN_OBJC_IMPLICIT_RETAIN_SELF = YES;
				CLANG_WARN_OBJC_LITERAL_CONVERSION = YES;
				CLANG_WARN_OBJC_ROOT_CLASS = YES_ERROR;
				CLANG_WARN_RANGE_LOOP_ANALYSIS = YES;
				CLANG_WARN_STRICT_PROTOTYPES = YES;
				CLANG_WARN_SUSPICIOUS_MOVE = YES;
				CLANG_WARN_UNGUARDED_AVAILABILITY = YES_AGGRESSIVE;
				CLANG_WARN_UNREACHABLE_CODE = YES;
				CLANG_WARN__DUPLICATE_METHOD_MATCH = YES;
				COPY_PHASE_STRIP = NO;
				DEBUG_INFORMATION_FORMAT = "dwarf-with-dsym";
				ENABLE_NS_ASSERTIONS = NO;
				ENABLE_STRICT_OBJC_MSGSEND = YES;
				GCC_C_LANGUAGE_STANDARD = gnu11;
				GCC_NO_COMMON_BLOCKS = YES;
				GCC_WARN_64_TO_32_BIT_CONVERSION = YES;
				GCC_WARN_ABOUT_RETURN_TYPE = YES_ERROR;
				GCC_WARN_UNDECLARED_SELECTOR = YES;
				GCC_WARN_UNINITIALIZED_AUTOS = YES_AGGRESSIVE;
				GCC_WARN_UNUSED_FUNCTION = YES;
				GCC_WARN_UNUSED_VARIABLE = YES;
				IPHONEOS_DEPLOYMENT_TARGET = 13.4;
				MTL_ENABLE_DEBUG_INFO = NO;
				MTL_FAST_MATH = YES;
				SDKROOT = iphoneos;
				SWIFT_COMPILATION_MODE = wholemodule;
				SWIFT_OPTIMIZATION_LEVEL = "-O";
				VALIDATE_PRODUCT = YES;
			};
			name = Release;
		};
		7737DE03244CCD9600BA15F9 /* Debug */ = {
			isa = XCBuildConfiguration;
			buildSettings = {
				ASSETCATALOG_COMPILER_APPICON_NAME = AppIcon;
				CODE_SIGN_STYLE = Automatic;
				INFOPLIST_FILE = ColorMix/Info.plist;
				LD_RUNPATH_SEARCH_PATHS = (
					"$(inherited)",
					"@executable_path/Frameworks",
				);
				PRODUCT_BUNDLE_IDENTIFIER = com.ozinchenko.ColorMix;
				PRODUCT_NAME = "$(TARGET_NAME)";
				SWIFT_VERSION = 5.0;
				TARGETED_DEVICE_FAMILY = "1,2";
			};
			name = Debug;
		};
		7737DE04244CCD9600BA15F9 /* Release */ = {
			isa = XCBuildConfiguration;
			buildSettings = {
				ASSETCATALOG_COMPILER_APPICON_NAME = AppIcon;
				CODE_SIGN_STYLE = Automatic;
				INFOPLIST_FILE = ColorMix/Info.plist;
				LD_RUNPATH_SEARCH_PATHS = (
					"$(inherited)",
					"@executable_path/Frameworks",
				);
				PRODUCT_BUNDLE_IDENTIFIER = com.ozinchenko.ColorMix;
				PRODUCT_NAME = "$(TARGET_NAME)";
				SWIFT_VERSION = 5.0;
				TARGETED_DEVICE_FAMILY = "1,2";
			};
			name = Release;
		};
/* End XCBuildConfiguration section */

/* Begin XCConfigurationList section */
		7737DDE9244CCD8900BA15F9 /* Build configuration list for PBXProject "ColorMix" */ = {
			isa = XCConfigurationList;
			buildConfigurations = (
				7737DE00244CCD9600BA15F9 /* Debug */,
				7737DE01244CCD9600BA15F9 /* Release */,
			);
			defaultConfigurationIsVisible = 0;
			defaultConfigurationName = Release;
		};
		7737DE02244CCD9600BA15F9 /* Build configuration list for PBXNativeTarget "ColorMix" */ = {
			isa = XCConfigurationList;
			buildConfigurations = (
				7737DE03244CCD9600BA15F9 /* Debug */,
				7737DE04244CCD9600BA15F9 /* Release */,
			);
			defaultConfigurationIsVisible = 0;
			defaultConfigurationName = Release;
		};
/* End XCConfigurationList section */
	};
	rootObject = 7737DDE6244CCD8900BA15F9 /* Project object */;
}
